# This file is generated by running "yarn install" inside your project.
# Manual changes might be lost - proceed with caution!

__metadata:
  version: 4
  cacheKey: 7

"@babel/code-frame@npm:^7.0.0":
  version: 7.12.13
  resolution: "@babel/code-frame@npm:7.12.13"
  dependencies:
    "@babel/highlight": ^7.12.13
  checksum: 471532bb7cb4a300bd1a3201e75e7c0c83ebfb4e0e6610fdb53270521505d7efe0961258de61e7b1970ef3092a97ed675248ee1a44597912a1f61f903d85ef41
  languageName: node
  linkType: hard

"@babel/helper-validator-identifier@npm:^7.14.0":
  version: 7.14.0
  resolution: "@babel/helper-validator-identifier@npm:7.14.0"
  checksum: bd67b4a1a49eba151aa0fe95508579638287fee0a3e7a3bf8c5ab480de8eaad4b4231c523d7db401eb0cecc7cf03b76ee72453fab53bab8cb8ccd154bb67feb7
  languageName: node
  linkType: hard

"@babel/highlight@npm:^7.12.13":
  version: 7.14.0
  resolution: "@babel/highlight@npm:7.14.0"
  dependencies:
    "@babel/helper-validator-identifier": ^7.14.0
    chalk: ^2.0.0
    js-tokens: ^4.0.0
  checksum: 0122fcd3cd6e81bfa002227d6c9dfff91d388d48dc188cd13e3f60c46e5450ebad65aa133ac8f525cb3cfa3b70766484e4a93c40b2837ce16f12083ebd2b0824
  languageName: node
  linkType: hard

"@commitlint/execute-rule@npm:^12.1.3":
  version: 12.1.3
  resolution: "@commitlint/execute-rule@npm:12.1.3"
  checksum: f070473410859cab492884abb0fc4a2ed1aad4c208953900e0d07bd47aebb9db2738c78f0e48a80503b93561ef8734e4997469c3f40f03852d993c08f3e7fb8f
  languageName: node
  linkType: hard

"@commitlint/load@npm:>6.1.1":
  version: 12.1.3
  resolution: "@commitlint/load@npm:12.1.3"
  dependencies:
    "@commitlint/execute-rule": ^12.1.3
    "@commitlint/resolve-extends": ^12.1.3
    "@commitlint/types": ^12.1.3
    chalk: ^4.0.0
    cosmiconfig: ^7.0.0
    lodash: ^4.17.19
    resolve-from: ^5.0.0
  checksum: 0b74471dca6146011ee9595c32439f0a47da0be7b39311ed5362970b41860cae0545c0f7ef18a3a794b046ae00a4f380f85d96489ddea5fe7d3b3f2d8240f709
  languageName: node
  linkType: hard

"@commitlint/resolve-extends@npm:^12.1.3":
  version: 12.1.3
  resolution: "@commitlint/resolve-extends@npm:12.1.3"
  dependencies:
    import-fresh: ^3.0.0
    lodash: ^4.17.19
    resolve-from: ^5.0.0
    resolve-global: ^1.0.0
  checksum: 6028ec205e79b5360560ba526bb2db037f10f2ca1e66abe3614969fe511c7135b7cfa65611d4c568f560ecadbaba5bcd08eb32c439db8db403244eac5a202ade
  languageName: node
  linkType: hard

"@commitlint/types@npm:^12.1.3":
  version: 12.1.3
  resolution: "@commitlint/types@npm:12.1.3"
  dependencies:
    chalk: ^4.0.0
  checksum: ccb5e18684cf4085930a226c155466355d2e1aba2648575d0d47dd155f7437f8acbe179ecfac3969212baa8345904773ccab8d4ed08fd80c9e1e6f17844c1799
  languageName: node
  linkType: hard

"@types/parse-json@npm:^4.0.0":
  version: 4.0.0
  resolution: "@types/parse-json@npm:4.0.0"
  checksum: 4a8f720afac47b474d3f2eece312340e72bc31bc9561cda37b596ce2ed218c0099765d302625bb67d659a8452a1f93d514f4863c11c7ebaf65430428687dc426
  languageName: node
  linkType: hard

"ansi-escapes@npm:^3.2.0":
  version: 3.2.0
  resolution: "ansi-escapes@npm:3.2.0"
  checksum: 0a106c53c71bc831a3245b49016a2630de4217674f4383761c7ef4fe78dfe73a897e323f27298783494b45ce3703f903013d4548c5411bafb6c5c937fb0b3f4e
  languageName: node
  linkType: hard

"ansi-regex@npm:^3.0.0":
  version: 3.0.0
  resolution: "ansi-regex@npm:3.0.0"
  checksum: 2e3c40d42904366e4a1a7b906ea3ae7968179a50916dfa0fd3e59fd12333c5d95970a9a59067ac3406d97c78784d591f0b841a4efd365dafb261327ae1ea3478
  languageName: node
  linkType: hard

"ansi-regex@npm:^4.1.0":
  version: 4.1.0
  resolution: "ansi-regex@npm:4.1.0"
  checksum: 53b6fe447cf92ee59739379de637af6f86b3b8a9537fbfe36a66f946f1d9d34afc3efe664ac31bcc7c3af042d43eabcfcfd3f790316d474bbc7b19a4b1d132dd
  languageName: node
  linkType: hard

"ansi-styles@npm:^3.2.1":
  version: 3.2.1
  resolution: "ansi-styles@npm:3.2.1"
  dependencies:
    color-convert: ^1.9.0
  checksum: 456e1c23d9277512a47718da75e7fbb0a5ee215ef893c2f76d6b3efe8fceabc861121b80b0362146f5f995d21a1633f05a19bbf6283ae66ac11dc3b9c0bed779
  languageName: node
  linkType: hard

"ansi-styles@npm:^4.1.0":
  version: 4.3.0
  resolution: "ansi-styles@npm:4.3.0"
  dependencies:
    color-convert: ^2.0.1
  checksum: ea02c0179f3dd089a161f5fdd7ccd89dd84f31d82b68869f1134bf5c5b9e1313dadd2ff9edb02b44f46243f285ef5b785f6cb61c84a293694221417c42934407
  languageName: node
  linkType: hard

"balanced-match@npm:^1.0.0":
  version: 1.0.2
  resolution: "balanced-match@npm:1.0.2"
  checksum: 690643f3009a04289ac401079de5a780aae452f7625fb2884051cc847b231e6521ee15dd6430b066d3cf4bd8bb00bb7ff55b7d134f34b8f0b8c043806796f94e
  languageName: node
  linkType: hard

"brace-expansion@npm:^1.1.7":
  version: 1.1.11
  resolution: "brace-expansion@npm:1.1.11"
  dependencies:
    balanced-match: ^1.0.0
    concat-map: 0.0.1
  checksum: 4c878e25e4858baf801945dfd63eb68feab2e502cf1122f25f3915c0e3bf397af3a93ff6bef0798db41c0d81ef28c08e55daac38058710f749a3b96eee6b8f40
  languageName: node
  linkType: hard

"braces@npm:^3.0.1":
  version: 3.0.2
  resolution: "braces@npm:3.0.2"
  dependencies:
    fill-range: ^7.0.1
  checksum: f3493181c3e91a1333d3c9afc9b3263a3f62f4ced0b033c372efc1373b48a7699557f4e04026b232a8556e043ca5360a9d3008c33852350138d4b0ea57558b8d
  languageName: node
  linkType: hard

"cachedir@npm:2.2.0":
  version: 2.2.0
  resolution: "cachedir@npm:2.2.0"
  checksum: 79ed1f687c5e7c5e0bc65870d8f961a05379f49fbbb0f509ebf483b4d8b3a4f96e51361044895c468d32d406292a7eacf901d43217c7134ed2fb2bd076f652a1
  languageName: node
  linkType: hard

"callsites@npm:^3.0.0":
  version: 3.1.0
  resolution: "callsites@npm:3.1.0"
  checksum: f726bf10d752901174cae348e69c2e58206404d5eebcea485b3fedbcf7fcffdb397e10919fdf6ee2c8adb4be52a64eea2365d52583611939bfecd109260451c9
  languageName: node
  linkType: hard

"chalk@npm:^2.0.0, chalk@npm:^2.4.1, chalk@npm:^2.4.2":
  version: 2.4.2
  resolution: "chalk@npm:2.4.2"
  dependencies:
    ansi-styles: ^3.2.1
    escape-string-regexp: ^1.0.5
    supports-color: ^5.3.0
  checksum: 22c7b7b5bc761c882bb6516454a1a671923f1c53ff972860065aa0b28a195f230163c1d46ee88bcc7a03e5539177d896457d8bc727de7f244c6e87032743038e
  languageName: node
  linkType: hard

"chalk@npm:^4.0.0":
  version: 4.1.1
  resolution: "chalk@npm:4.1.1"
  dependencies:
    ansi-styles: ^4.1.0
    supports-color: ^7.1.0
  checksum: 445c12db7aeed0046500a1e4184d31209a77d165654c885a789c41c8598a6a95bd2392180987cac572c967b93a2a730dda778bb7f87fa06ca63fd8592f8cc59f
  languageName: node
  linkType: hard

"chardet@npm:^0.7.0":
  version: 0.7.0
  resolution: "chardet@npm:0.7.0"
  checksum: b71a4ee4648489291af86418b96247824a8c1ee4f4f95d6268967fb40e9fbf70500e72fb737d5186a23cf98c8a02b91d68cb2f426d7428e92883af9d31a037ec
  languageName: node
  linkType: hard

"cli-cursor@npm:^2.1.0":
  version: 2.1.0
  resolution: "cli-cursor@npm:2.1.0"
  dependencies:
    restore-cursor: ^2.0.0
  checksum: df33c11b3c236c9238ec8112330e7a3f25d59c73b2cffea8ed4f9ab1881d93f8467d7a0920434a880e8cea37f264da5f26549f2afa350c764fac956c02fd841a
  languageName: node
  linkType: hard

"cli-width@npm:^2.0.0":
  version: 2.2.1
  resolution: "cli-width@npm:2.2.1"
  checksum: f7c830bddca78d8b2706c213d6ffa4e751988b7f70ec3e871c97a87e12a9e17e9f9652f13a5bfcea0e2e8dbae1da4b0939d59cf2bf8c36979541c624043d6315
  languageName: node
  linkType: hard

"color-convert@npm:^1.9.0":
  version: 1.9.3
  resolution: "color-convert@npm:1.9.3"
  dependencies:
    color-name: 1.1.3
  checksum: 5f244daa3d1fe1f216d48878c550465067d15268688308554e613b7640a068f96588096d51f0b98b68f15d6ff6bb8ad24e172582ac8c0ad43fa4d3da60fd1b79
  languageName: node
  linkType: hard

"color-convert@npm:^2.0.1":
  version: 2.0.1
  resolution: "color-convert@npm:2.0.1"
  dependencies:
    color-name: ~1.1.4
  checksum: 3d5d8a011a43012ca11b6d739049ecf2055d95582fd16ec44bf1e685eb0baa5cc652002be8a1dc92b429c8d87418287d0528266a7595cb1ad8a7f4f1d3049df2
  languageName: node
  linkType: hard

"color-name@npm:1.1.3":
  version: 1.1.3
  resolution: "color-name@npm:1.1.3"
  checksum: d8b91bb90aefc05b6ff568cf8889566dcc6269824df6f3c9b8ca842b18d7f4d089c07dc166808d33f22092d4a79167aa56a96a5ff0d21efab548bf44614db43b
  languageName: node
  linkType: hard

"color-name@npm:~1.1.4":
  version: 1.1.4
  resolution: "color-name@npm:1.1.4"
  checksum: 3e1c9a4dee12eada307436f61614dd11fe300469db2b83f80c8b7a7cd8a1015f0f18dd13403f018927b249003777ff60baba4a03c65f12e6bddc0dfd9642021f
  languageName: node
  linkType: hard

"commitizen@npm:^4.0.3, commitizen@npm:^4.2.4":
  version: 4.2.4
  resolution: "commitizen@npm:4.2.4"
  dependencies:
    cachedir: 2.2.0
    cz-conventional-changelog: 3.2.0
    dedent: 0.7.0
    detect-indent: 6.0.0
    find-node-modules: ^2.1.2
    find-root: 1.1.0
    fs-extra: 8.1.0
    glob: 7.1.4
    inquirer: 6.5.2
    is-utf8: ^0.2.1
    lodash: ^4.17.20
    minimist: 1.2.5
    strip-bom: 4.0.0
    strip-json-comments: 3.0.1
  bin:
    commitizen: bin/commitizen
    cz: bin/git-cz
    git-cz: bin/git-cz
  checksum: 9352b0901f788a2cc2ff449d200fc113c02e149e8a62ceebc4a6b91b66fee9ca2b4beba0874c9cb190d704328560a86ce104f4132a0b019c98c5b7fa56c86acc
  languageName: node
  linkType: hard

"concat-map@npm:0.0.1":
  version: 0.0.1
  resolution: "concat-map@npm:0.0.1"
  checksum: 554e28d9ee5aa6e061795473ee092cb3d3a2cbdb76c35416e0bb6e03f136d7d07676da387b2ed0ec4106cedbb6534080d9abc48ecc4a92b76406cf2d0c3c0c4b
  languageName: node
  linkType: hard

"conventional-commit-types@npm:^3.0.0":
  version: 3.0.0
  resolution: "conventional-commit-types@npm:3.0.0"
  checksum: b95c6e01800411fdc030b7b100aad85a9541911fca2febdd45df124cd1edec8dd2e0dcbc3dfcf0eb53e9de338d3c979f3c5033e37f2ab72be4b2dbfb4d4a100b
  languageName: node
  linkType: hard

"cosmiconfig@npm:^7.0.0":
  version: 7.0.0
  resolution: "cosmiconfig@npm:7.0.0"
  dependencies:
    "@types/parse-json": ^4.0.0
    import-fresh: ^3.2.1
    parse-json: ^5.0.0
    path-type: ^4.0.0
    yaml: ^1.10.0
  checksum: 151fcb91773c0ae826fc801eab86f8f818605dbf63c8e5515adf0ff0fec5ede8e614f387f93c088d65527a2ea9021f0cd8c6b6e5c7fef2b77480b5e2c33700dc
  languageName: node
  linkType: hard

"cz-conventional-changelog@npm:3.2.0":
  version: 3.2.0
  resolution: "cz-conventional-changelog@npm:3.2.0"
  dependencies:
    "@commitlint/load": ">6.1.1"
    chalk: ^2.4.1
    commitizen: ^4.0.3
    conventional-commit-types: ^3.0.0
    lodash.map: ^4.5.1
    longest: ^2.0.1
    word-wrap: ^1.0.3
  dependenciesMeta:
    "@commitlint/load":
      optional: true
  checksum: 8fce253c2c99181994ea16f52606ec1e23d710fc04f928560c5918ae686b07b58384fd49173212a378643397c2b05008fc55fc27a865412a1771bc4377957f3f
  languageName: node
  linkType: hard

"cz-conventional-changelog@npm:3.3.0":
  version: 3.3.0
  resolution: "cz-conventional-changelog@npm:3.3.0"
  dependencies:
    "@commitlint/load": ">6.1.1"
    chalk: ^2.4.1
    commitizen: ^4.0.3
    conventional-commit-types: ^3.0.0
    lodash.map: ^4.5.1
    longest: ^2.0.1
    word-wrap: ^1.0.3
  dependenciesMeta:
    "@commitlint/load":
      optional: true
  checksum: aa696ecb99ecb667d6d73bac40f5966eb53dd7e2fcd85d4254cec1ae041fd6c3579c4447a382668c607433ec6540a590154603bf0062062e9e10aa48066cc75d
  languageName: node
  linkType: hard

"dedent@npm:0.7.0":
  version: 0.7.0
  resolution: "dedent@npm:0.7.0"
  checksum: 05c18541a4b932006a65eccaf03d68ac60552981db424f39f1ca4bebf5beaa53d318eadbb4dc0be24232844e69d1140763a7ada94559b2cb7771a47c0a829aeb
  languageName: node
  linkType: hard

"detect-file@npm:^1.0.0":
  version: 1.0.0
  resolution: "detect-file@npm:1.0.0"
  checksum: 69717e5618370f31d3b266240289442d7c50f933834bbcffad187e73a6efaf3adc4ed283d8120a9ad77cbdcef3375c48acb4cdbb2df477695ed78d86c0d08c9c
  languageName: node
  linkType: hard

"detect-indent@npm:6.0.0":
  version: 6.0.0
  resolution: "detect-indent@npm:6.0.0"
  checksum: ad0619414151942d278c06cd4b6b79feb96c16eebf4979ef1d03433941f1a85c9bba7daba73a73814d629923716169da5416bbc4290c232d53a2dc06f462da5f
  languageName: node
  linkType: hard

"dojojo@workspace:.":
  version: 0.0.0-use.local
  resolution: "dojojo@workspace:."
  dependencies:
    commitizen: ^4.2.4
    cz-conventional-changelog: 3.3.0
  languageName: unknown
  linkType: soft

"error-ex@npm:^1.3.1":
  version: 1.3.2
  resolution: "error-ex@npm:1.3.2"
  dependencies:
    is-arrayish: ^0.2.1
  checksum: 6c6c9187429ae867d145bc64c682c7c137b1f8373a406dc3b605c0d92f15b85bfcea02b461dc55ae11b10d013377e1eaf3d469d2861b2f94703c743620a9c08c
  languageName: node
  linkType: hard

"escape-string-regexp@npm:^1.0.5":
  version: 1.0.5
  resolution: "escape-string-regexp@npm:1.0.5"
  checksum: f9484b8b4c8827d816e0fd905c25ed4b561376a9c220e1430403ea84619bf680c76a883a48cff8b8e091daf55d6a497e37479f9787b9f15f3c421b6054289744
  languageName: node
  linkType: hard

"expand-tilde@npm:^2.0.0, expand-tilde@npm:^2.0.2":
  version: 2.0.2
  resolution: "expand-tilde@npm:2.0.2"
  dependencies:
    homedir-polyfill: ^1.0.1
  checksum: 502e8b04a22094575c68639e68e0a2c19ad23d78441e440e5164ad2f38bef05e4b2c2568acfcf4af37b90bbf49ea587c253753ba6d351229e5858b96cb136125
  languageName: node
  linkType: hard

"external-editor@npm:^3.0.3":
  version: 3.1.0
  resolution: "external-editor@npm:3.1.0"
  dependencies:
    chardet: ^0.7.0
    iconv-lite: ^0.4.24
    tmp: ^0.0.33
  checksum: 22163643f9938f4d46bab20ee0417cf1131aaf9ea4c546184d3668f689b8f7fc0d750b5a60857cb8ea09e4651b2c49fe30eb5a0903697e3c2d837da1e90d2d7c
  languageName: node
  linkType: hard

"figures@npm:^2.0.0":
  version: 2.0.0
  resolution: "figures@npm:2.0.0"
  dependencies:
    escape-string-regexp: ^1.0.5
  checksum: de1145903784bd0b8bca1716426825d0a608fa81f370e0779047ef3f8d4509896f81435093e62a887717aeed0b8c8a92da7953f7f506ca57e62cf95d12b6c65a
  languageName: node
  linkType: hard

"fill-range@npm:^7.0.1":
  version: 7.0.1
  resolution: "fill-range@npm:7.0.1"
  dependencies:
    to-regex-range: ^5.0.1
  checksum: efca43d59b487ad4bc0b2b1cb9e51617c75a7b0159db51fa190c75c3d634ea5fad1ff4750d7c14346add4cd065e3c46e8f99af333edf2b4ec2a424f87e491a85
  languageName: node
  linkType: hard

"find-node-modules@npm:^2.1.2":
  version: 2.1.2
  resolution: "find-node-modules@npm:2.1.2"
  dependencies:
    findup-sync: ^4.0.0
    merge: ^2.1.0
  checksum: 289151b902242e147c9db674f2a0719de1a12d33de0e68a20cba0b114db8c1e93e7e3346d66da3c3b7e396ba775893aa0321f8c1792f0685b5dab478507d9771
  languageName: node
  linkType: hard

"find-root@npm:1.1.0":
  version: 1.1.0
  resolution: "find-root@npm:1.1.0"
  checksum: 34f9eeb7258b3b5e270824a11bae4a8e6075efe79a319c034a3c5cae90cdb558c524c42ff7938b1200f648349c9dc04e860c8eaef852c802f5a1c26fa04d5ab1
  languageName: node
  linkType: hard

"findup-sync@npm:^4.0.0":
  version: 4.0.0
  resolution: "findup-sync@npm:4.0.0"
  dependencies:
    detect-file: ^1.0.0
    is-glob: ^4.0.0
    micromatch: ^4.0.2
    resolve-dir: ^1.0.1
  checksum: 77cae4d79cd46b00c3fe8dc8b4e06472e75351096a70de0ebd57f11b7efdb69e3bfe3097f54e7f219e385dd5e84e4f11029fbe6b003f0bf2140ebb6695ed13ea
  languageName: node
  linkType: hard

"fs-extra@npm:8.1.0":
  version: 8.1.0
  resolution: "fs-extra@npm:8.1.0"
  dependencies:
    graceful-fs: ^4.2.0
    jsonfile: ^4.0.0
    universalify: ^0.1.0
  checksum: 056a96d4f55ab8728b021e251175a4a6440d1edb5845e6c2e8e010019bde3e63de188a0eb99386c21c71804ca1a571cd6e08f507971f10a2bc4f4f7667720fa4
  languageName: node
  linkType: hard

"fs.realpath@npm:^1.0.0":
  version: 1.0.0
  resolution: "fs.realpath@npm:1.0.0"
  checksum: 698a91b1695e3926185c9e5b0dd57cf687dceb4eb73799af91e6b2ab741735e2962c366c5af6403ffddae2619914193bd339efa706fdc984d0ffc74b7a3603f4
  languageName: node
  linkType: hard

"glob@npm:7.1.4":
  version: 7.1.4
  resolution: "glob@npm:7.1.4"
  dependencies:
    fs.realpath: ^1.0.0
    inflight: ^1.0.4
    inherits: 2
    minimatch: ^3.0.4
    once: ^1.3.0
    path-is-absolute: ^1.0.0
  checksum: a6c21756701482f9809a981d6ff9c8cac092ee6f63af01aa7f588b543ba8fe4ed8f0c4a2c7264be66fa65b7d25db05cc47dca93be458bbebbca31891409ed1b4
  languageName: node
  linkType: hard

"global-dirs@npm:^0.1.1":
  version: 0.1.1
  resolution: "global-dirs@npm:0.1.1"
  dependencies:
    ini: ^1.3.4
  checksum: 0d46e90b45e35fef757ef468fd497ea249787dafb20b76597ac0a1c129d8e8d7f09db4640a2f7ed12d1057159197af94ef4eea74c0be9c7c1c2c3bec5f0a6834
  languageName: node
  linkType: hard

"global-modules@npm:^1.0.0":
  version: 1.0.0
  resolution: "global-modules@npm:1.0.0"
  dependencies:
    global-prefix: ^1.0.1
    is-windows: ^1.0.1
    resolve-dir: ^1.0.0
  checksum: 89fb699eee43823ce94e2dbcb5f7607e1de4f3e37b897a65b59720fa7284424b5f94b67f449a5f259e7a96e2bf851a1582ec31deb7f89b5336c9318ed95fcfe8
  languageName: node
  linkType: hard

"global-prefix@npm:^1.0.1":
  version: 1.0.2
  resolution: "global-prefix@npm:1.0.2"
  dependencies:
    expand-tilde: ^2.0.2
    homedir-polyfill: ^1.0.1
    ini: ^1.3.4
    is-windows: ^1.0.1
    which: ^1.2.14
  checksum: 2353fc9bf5c3b688164356c08843b3f9cae6300836071d1250c06c70a0aa13ed643c5711399ec4a2027899977f1423f4d24e81e01a1da4c5239c4e195d80b024
  languageName: node
  linkType: hard

"graceful-fs@npm:^4.1.6, graceful-fs@npm:^4.2.0":
  version: 4.2.6
  resolution: "graceful-fs@npm:4.2.6"
  checksum: 84d39c7756892553da990a9db7e45f844b3309b37b5a00174cbb4748476f2250c54f24594d4d252f64f085c65c2fdac7c809419bf6d55f0e6e42eb07ac0f5bf2
  languageName: node
  linkType: hard

"has-flag@npm:^3.0.0":
  version: 3.0.0
  resolution: "has-flag@npm:3.0.0"
  checksum: 63aade480d27aeedb3b5b63a2e069d47d0006bf182338d662e7941cdc024e68a28418e0efa8dc5df30db9c4ee2407f39e6ea3f16cfbc6b83848b450826a28aa0
  languageName: node
  linkType: hard

"has-flag@npm:^4.0.0":
  version: 4.0.0
  resolution: "has-flag@npm:4.0.0"
  checksum: 2e5391139d3d287231ccb58659702392f6e3abeac3296fb4721afaff46493f3d9b99a9329ae015dfe973aa206ed5c75f43e86aec0267dce79aa5c2b6e811b3ad
  languageName: node
  linkType: hard

"homedir-polyfill@npm:^1.0.1":
  version: 1.0.3
  resolution: "homedir-polyfill@npm:1.0.3"
  dependencies:
    parse-passwd: ^1.0.0
  checksum: 86a4e544cac858c31bb776d65a6aebbd84efddd98a5b4ebc65846d86b6161083b52fee059b8f809e9593537d10c9aabb381906305a0ee4a52f2625d0339b015f
  languageName: node
  linkType: hard

"iconv-lite@npm:^0.4.24":
  version: 0.4.24
  resolution: "iconv-lite@npm:0.4.24"
  dependencies:
    safer-buffer: ">= 2.1.2 < 3"
  checksum: a9b9521066ee81853a8561e92bd7240bc5d3b7d5ef7da807a475e7858b0246e318b6af518c30a20a8749ef5eafeaa9631079446e4e696c7b60f468b34dc2cbfc
  languageName: node
  linkType: hard

"import-fresh@npm:^3.0.0, import-fresh@npm:^3.2.1":
  version: 3.3.0
  resolution: "import-fresh@npm:3.3.0"
  dependencies:
    parent-module: ^1.0.0
    resolve-from: ^4.0.0
  checksum: 3ff624f00140850a2878eb7630d635daaad556cfa5a0e23191e9b65ab4fec8cc23f929f03bc9b3c4251b497a434f459bf3e7a8aa547a400ad140f431a1b0e4d6
  languageName: node
  linkType: hard

"inflight@npm:^1.0.4":
  version: 1.0.6
  resolution: "inflight@npm:1.0.6"
  dependencies:
    once: ^1.3.0
    wrappy: 1
  checksum: 17c53fc42cbe7f7f471d2bc41b97a0cde4b79a74d5ff59997d3f75210566fa278e17596da526d43de2bd07e222706240ce50e60097e54f2cde2e64cbbb372638
  languageName: node
  linkType: hard

"inherits@npm:2":
  version: 2.0.4
  resolution: "inherits@npm:2.0.4"
  checksum: 98426da247ddfc3dcd7d7daedd90c3ca32d5b08deca08949726f12d49232aef94772a07b36cf4ff833e105ae2ef931777f6de4a6dd8245a216b9299ad4a50bea
  languageName: node
  linkType: hard

"ini@npm:^1.3.4":
  version: 1.3.8
  resolution: "ini@npm:1.3.8"
  checksum: 62189ce7ea44c5778e757e4232c581212e838f3c39e79d931bb9152fd4b9275f09fb20b96afdd60ba9f5d7996b92486cad6cc617fcb84ff4beedd1b33b86221e
  languageName: node
  linkType: hard

"inquirer@npm:6.5.2":
  version: 6.5.2
  resolution: "inquirer@npm:6.5.2"
  dependencies:
    ansi-escapes: ^3.2.0
    chalk: ^2.4.2
    cli-cursor: ^2.1.0
    cli-width: ^2.0.0
    external-editor: ^3.0.3
    figures: ^2.0.0
    lodash: ^4.17.12
    mute-stream: 0.0.7
    run-async: ^2.2.0
    rxjs: ^6.4.0
    string-width: ^2.1.0
    strip-ansi: ^5.1.0
    through: ^2.3.6
  checksum: f3185658ee9eac60cf1296810df3e94aa3957aab7c49dd3a9b4fab5b257c4f24f5a682ad7072448bf9492c0101cdf0ee3daf3531da513b76b583815668a2512a
  languageName: node
  linkType: hard

"is-arrayish@npm:^0.2.1":
  version: 0.2.1
  resolution: "is-arrayish@npm:0.2.1"
  checksum: fc2bbe14dbcb27b490e63b7fbf0e3b0aae843e5e1fa96d79450bb9617797615a575c78c454ffc8e027c3ad50d63d83e85a7387784979dcd46686d2eb5f412db0
  languageName: node
  linkType: hard

"is-extglob@npm:^2.1.1":
  version: 2.1.1
  resolution: "is-extglob@npm:2.1.1"
  checksum: ca623e2c56c893714a237aff645ec7caa8fea4d78868682af8d6803d7f0780323f8d566311e0dc6f942c886e81cbfa517597e48fcada7f3bf78a4d099eeecdd3
  languageName: node
  linkType: hard

"is-fullwidth-code-point@npm:^2.0.0":
  version: 2.0.0
  resolution: "is-fullwidth-code-point@npm:2.0.0"
  checksum: e1e5284f848ab6885665967cd768292a75022304d4401e78937a68f423047c29bfe87a43a9cdb67a3210fff7bcd5da51469122a0eff59b03261c379e58dbe921
  languageName: node
  linkType: hard

"is-glob@npm:^4.0.0":
  version: 4.0.1
  resolution: "is-glob@npm:4.0.1"
  dependencies:
    is-extglob: ^2.1.1
  checksum: 98cd4f715f0fb81da34aa6c8be4a5ef02d8cfac3ebc885153012abc2a0410df5a572f9d0393134fcba9192c7a845da96142c5f74a3c02787efe178ed798615e6
  languageName: node
  linkType: hard

"is-number@npm:^7.0.0":
  version: 7.0.0
  resolution: "is-number@npm:7.0.0"
  checksum: eec6e506c6de472af4bdfd0cc477e8aeb76f0a7066c8680fcdfed5324ee31a7d2b59d22313007c58aa80eb937f0c40eefdceedb851997d46b490b49f87160369
  languageName: node
  linkType: hard

"is-utf8@npm:^0.2.1":
  version: 0.2.1
  resolution: "is-utf8@npm:0.2.1"
  checksum: c72f604d72b72f6a57f9b2e22c9b6f480e869b3f0efe141bd1dfbc36655225043ca8c1316ff8e343ef641cf80868c9e4a37345492f31402abd5ab68e09367977
  languageName: node
  linkType: hard

"is-windows@npm:^1.0.1":
  version: 1.0.2
  resolution: "is-windows@npm:1.0.2"
  checksum: dd1ed8339a28c68fb52f05931c832488dafc90063e53b97a69ead219a5584d7f3e6e564731c2f983962ff5403afeb05365d88ce9af34c8dae76a14911020d73a
  languageName: node
  linkType: hard

"isexe@npm:^2.0.0":
  version: 2.0.0
  resolution: "isexe@npm:2.0.0"
  checksum: 7b437980bb77881a146fba85cfbdf01edc2b148673e9c2722a1e49661fea73adf524430a80fdbfb8ce9f60d43224e682c657c45030482bd39e0c488fc29b4afe
  languageName: node
  linkType: hard

"js-tokens@npm:^4.0.0":
  version: 4.0.0
  resolution: "js-tokens@npm:4.0.0"
  checksum: 1fc4e4667ac2d972aba65148b9cbf9c17566b2394d3504238d8492bbd3e68f496c657eab06b26b40b17db5cac0a34d153a12130e2d2d2bb6dc2cdc8a4764eb1b
  languageName: node
  linkType: hard

"json-parse-even-better-errors@npm:^2.3.0":
  version: 2.3.1
  resolution: "json-parse-even-better-errors@npm:2.3.1"
  checksum: d89fa7fe57957f3004cf0e786465a64183c0de861f6fda800d352956397c01b22f9feb141d0dce5b23f5dbe0aae74dd5b45fc0c3c1679b0942688efa5544e726
  languageName: node
  linkType: hard

"jsonfile@npm:^4.0.0":
  version: 4.0.0
  resolution: "jsonfile@npm:4.0.0"
  dependencies:
    graceful-fs: ^4.1.6
  dependenciesMeta:
    graceful-fs:
      optional: true
  checksum: a40b7b64da41c84b0dc7ad753737ba240bb0dc50a94be20ec0b73459707dede69a6f89eb44b4d29e6994ed93ddf8c9b6e57f6b1f09dd707567959880ad6cee7f
  languageName: node
  linkType: hard

"lines-and-columns@npm:^1.1.6":
  version: 1.1.6
  resolution: "lines-and-columns@npm:1.1.6"
  checksum: 798b80ed7ae3fba34d43fe29591ccb4f16f6fca1da4e1f9922b92264b91d931012433c248daf8e44caa74feb40c0eaa0f27a14f8ee68b6ffb425f3c3f785af27
  languageName: node
  linkType: hard

"lodash.map@npm:^4.5.1":
  version: 4.6.0
  resolution: "lodash.map@npm:4.6.0"
  checksum: f8a8f4072c8ed72f07d63514e45d7267fa619a7998b8a1ccb875db4c265e655f4a71c5d527370185070be80900ab574c5cd285debce557e6cb4f9692a02ffa62
  languageName: node
  linkType: hard

"lodash@npm:^4.17.12, lodash@npm:^4.17.19, lodash@npm:^4.17.20":
  version: 4.17.21
  resolution: "lodash@npm:4.17.21"
  checksum: 4983720b9abca930a4a46f18db163d7dad8dd00dbed6db0cc7b499b33b717cce69f80928b27bbb1ff2cbd3b19d251ee90669a8b5ea466072ca81c2ebe91e7468
  languageName: node
  linkType: hard

"longest@npm:^2.0.1":
  version: 2.0.1
  resolution: "longest@npm:2.0.1"
  checksum: 2df2862f041862ad906b15ae667c815d6a1ada772d164e72ae13462b3efea381952841d368f0e10696ac584f3927eaaf87524d7656ecdcfefe22c3cb4c5b8fca
  languageName: node
  linkType: hard

"merge@npm:^2.1.0":
  version: 2.1.1
  resolution: "merge@npm:2.1.1"
  checksum: 5b66853a10df1fe86e2ea04b216b7b9a5911643617473d9ef499d6bf9bc5ed856dea27b6a6a1224bc091831c234e8be3bbf4964d11304dce82294558a11c3333
  languageName: node
  linkType: hard

"micromatch@npm:^4.0.2":
  version: 4.0.4
  resolution: "micromatch@npm:4.0.4"
  dependencies:
    braces: ^3.0.1
    picomatch: ^2.2.3
  checksum: bc522ad93c086aa176f50fea2dc8060a8f7d7a621c811cf9ba02a1912577cc100190508166d721231465f10a575a40ec8a1bffc23bbc2c0108fcbf02e4be04ed
  languageName: node
  linkType: hard

"mimic-fn@npm:^1.0.0":
  version: 1.2.0
  resolution: "mimic-fn@npm:1.2.0"
  checksum: 159155e209bdbccae0bf8cd4b4065543fe7a82161541d9860c223583e92e0ae092d809b9f3c2aced74fc00362ff338bfeeec793bf3e14cf27c615a1e3009394d
  languageName: node
  linkType: hard

"minimatch@npm:^3.0.4":
  version: 3.0.4
  resolution: "minimatch@npm:3.0.4"
  dependencies:
    brace-expansion: ^1.1.7
  checksum: 47eab9263962cacd5733e274ecad2d8e54b0f8e124ba35ae69189e296058f634a4967b87a98954f86fa5c830ff177caf827ce0136d28717ed3232951fb4fae62
  languageName: node
  linkType: hard

"minimist@npm:1.2.5":
  version: 1.2.5
  resolution: "minimist@npm:1.2.5"
  checksum: b77b8590147a4e217ff34266236bc39de23b52e6e33054076991ff674c7397a1380a7bde11111916f16f003a94aaa7e4f3d92595a32189644ff607fabc65a5b6
  languageName: node
  linkType: hard

"mute-stream@npm:0.0.7":
  version: 0.0.7
  resolution: "mute-stream@npm:0.0.7"
  checksum: 698fe32d888ed57c041df482b5cd43f4f51db373191c2e658db728bddfb090294952e11eee585752b8c9e8a02e83c7e47fb6b1664dd1effc685ae38fb1d8bf95
  languageName: node
  linkType: hard

"once@npm:^1.3.0":
  version: 1.4.0
  resolution: "once@npm:1.4.0"
  dependencies:
    wrappy: 1
  checksum: 57afc246536cf6494437f982b26475f22bee860f8b77ce8eb1543f42a8bffe04b2c66ddfea9a16cb25ccb80943f8ee4fc639367ef97b7a6a4f2672eb573963f5
  languageName: node
  linkType: hard

"onetime@npm:^2.0.0":
  version: 2.0.1
  resolution: "onetime@npm:2.0.1"
  dependencies:
    mimic-fn: ^1.0.0
  checksum: a4f56fdd3ad40618c06be5dd601dcdc6f6567cc8da7a8955eb208fc027b5f2eec052b15f3097b4575728a2928c24c9d6deaac7bf53883d9d8ffe13abdccdec08
  languageName: node
  linkType: hard

"os-tmpdir@npm:~1.0.2":
  version: 1.0.2
  resolution: "os-tmpdir@npm:1.0.2"
  checksum: ca158a3c2e48748adc7736cdbe4c593723f8ed8581d2aae2f2a30fdb9417d4ba14bed1cd487d47561898a7b1ece88bce69745e9ce0303e1dea9ea7d22d1f1082
  languageName: node
  linkType: hard

"parent-module@npm:^1.0.0":
  version: 1.0.1
  resolution: "parent-module@npm:1.0.1"
  dependencies:
    callsites: ^3.0.0
  checksum: 58714b9699f8e84340aaf0781b7cbd82f1c357f6ce9c035c151d0e8c1e9b869c51b95b680882f0d21b4751e817a6c936d4bb2952a1a1d9d9fb27e5a84baec2aa
  languageName: node
  linkType: hard

"parse-json@npm:^5.0.0":
  version: 5.2.0
  resolution: "parse-json@npm:5.2.0"
  dependencies:
    "@babel/code-frame": ^7.0.0
    error-ex: ^1.3.1
    json-parse-even-better-errors: ^2.3.0
    lines-and-columns: ^1.1.6
  checksum: 65b1e494a51862340248f542666712830c7b6f4d632ca099520eeacb163275f35cbbcf72643cab1d8a71c3cdf87dcd0a7e03c685c7ac1068d24b49c915a7e884
  languageName: node
  linkType: hard

"parse-passwd@npm:^1.0.0":
  version: 1.0.0
  resolution: "parse-passwd@npm:1.0.0"
  checksum: e196edc373f7cdeb07072c346aa22204f9bad6b4d4fde5186d83a770cc22c65388da1da941d6f147372986edab52732365ffe05a1d7f35cbc822a014622d8439
  languageName: node
  linkType: hard

"path-is-absolute@npm:^1.0.0":
  version: 1.0.1
  resolution: "path-is-absolute@npm:1.0.1"
  checksum: 907e1e3e6ac0aef6e65adffd75b3892191d76a5b94c5cf26b43667c4240531d11872ca6979c209b2e5e1609f7f579d02f64ba9936b48bb59d36cc529f0d965ed
  languageName: node
  linkType: hard

"path-type@npm:^4.0.0":
  version: 4.0.0
  resolution: "path-type@npm:4.0.0"
  checksum: ef5835f2eb47e4d06004c7ec7bd51175c0455eaecd5ee99a9774bca5ef43242616e25b44ccc0ba86a0bf42b9f197550fcc0dfa7580e5ff9dca53c035e9bd86a9
  languageName: node
  linkType: hard

"picomatch@npm:^2.2.3":
  version: 2.2.3
  resolution: "picomatch@npm:2.2.3"
  checksum: f8c9323bc3b21ff448e81dd32277135d781abae5d53a1415d69a4ce6317a2c11404d449c550110b8fa402c07d5e80ff0e2657f263a312517cc809e9010d25791
  languageName: node
  linkType: hard

"resolve-dir@npm:^1.0.0, resolve-dir@npm:^1.0.1":
  version: 1.0.1
  resolution: "resolve-dir@npm:1.0.1"
  dependencies:
    expand-tilde: ^2.0.0
    global-modules: ^1.0.0
  checksum: b07a0070083d04f6c3b50fe7b986514978eba5ab957b49cf2637b2e8ce69d81e063523d60360145a7e8b03ea878c68fb491da86fb18601458eaef640ae40fdf5
  languageName: node
  linkType: hard

"resolve-from@npm:^4.0.0":
  version: 4.0.0
  resolution: "resolve-from@npm:4.0.0"
  checksum: 87a4357c0c1c2d165012ec04a3b2aa58931c0c0be257890806760b627bad36c9bceb6f9b2a3726f8570c67f2c9ff3ecc9507fe65cc3ad8d45cdab015245c649f
  languageName: node
  linkType: hard

"resolve-from@npm:^5.0.0":
  version: 5.0.0
  resolution: "resolve-from@npm:5.0.0"
  checksum: 0d29fc7012eb21f34d2637fa0602694f60e64c14bf5fbd5395b72f6ea5540a6906cbeef062edefc34c22fd802bfe8ae46ef936e6c4a3f1b1047390f9738dd76f
  languageName: node
  linkType: hard

"resolve-global@npm:^1.0.0":
  version: 1.0.0
  resolution: "resolve-global@npm:1.0.0"
  dependencies:
    global-dirs: ^0.1.1
  checksum: 337635c53b22fcaf1fa2a49ef3da34167893582ab3200bc28f7f013cb0a617db03c7f21ab7b124a6a85e8725cade7f3fb0f4618e54fed2e507078ce8a4c5c58b
  languageName: node
  linkType: hard

"restore-cursor@npm:^2.0.0":
  version: 2.0.0
  resolution: "restore-cursor@npm:2.0.0"
  dependencies:
    onetime: ^2.0.0
    signal-exit: ^3.0.2
  checksum: 950c88d84a4cb44d4db29766ab1f2c95e2d23e89a9c65e95e5ecc83be061d0405c5f9366ce6e53b769c9e718acd3be523cba55a9bd5e898b0d7ca1e69194438d
  languageName: node
  linkType: hard

"run-async@npm:^2.2.0":
  version: 2.4.1
  resolution: "run-async@npm:2.4.1"
  checksum: b1f06da336029be9c08312309ccdda107558ebf3e1212e960d7a54020f888a449ade2cb8b432a9a6750537ed80119a3c798f7592e8f8518f193ff4c50c13d4a3
  languageName: node
  linkType: hard

"rxjs@npm:^6.4.0":
  version: 6.6.7
  resolution: "rxjs@npm:6.6.7"
  dependencies:
    tslib: ^1.9.0
  checksum: 1146975cbd5388ee5e61450235dc5670931e43cce71813f567977d334acc4d75c6e8d9d293df67e1fb31510b99fc8957943d4a9b550d109e4dc69967a8471543
  languageName: node
  linkType: hard

"safer-buffer@npm:>= 2.1.2 < 3":
  version: 2.1.2
  resolution: "safer-buffer@npm:2.1.2"
  checksum: 549ba83f5b314b59898efe3422120ce1ca7987a6eae5925a5fa5db930dc414d4a9dde0a5594f89638cd6ea60b6840ea961872908933ac2428d1726489db46fa5
  languageName: node
  linkType: hard

"signal-exit@npm:^3.0.2":
  version: 3.0.3
  resolution: "signal-exit@npm:3.0.3"
  checksum: f8f3fec95c8d1f9ad7e3cce07e1195f84e7a85cdcb4e825e8a2b76aa5406a039083d2bc9662b3cf40e6948262f41277047d20e6fbd58c77edced0b18fab647d8
  languageName: node
  linkType: hard

"string-width@npm:^2.1.0":
  version: 2.1.1
  resolution: "string-width@npm:2.1.1"
  dependencies:
    is-fullwidth-code-point: ^2.0.0
    strip-ansi: ^4.0.0
  checksum: 906b4887c39d247e9d12dfffb42bfe68655b52d27758eb13e069dce0f4cf2e7f82441dbbe44f7279298781e6f68e1c659451bd4d9e2bbe9d487a157ad14ae1bd
  languageName: node
  linkType: hard

"strip-ansi@npm:^4.0.0":
  version: 4.0.0
  resolution: "strip-ansi@npm:4.0.0"
  dependencies:
    ansi-regex: ^3.0.0
  checksum: 9ac63872c2ba5e8a946c6f3a9c1ab81db5b43bce0d24a33b016e5666d3efda421f721447a1962611053a3ca1595b8742b0216fcc25886958d4565b7afcd27013
  languageName: node
  linkType: hard

"strip-ansi@npm:^5.1.0":
  version: 5.2.0
  resolution: "strip-ansi@npm:5.2.0"
  dependencies:
    ansi-regex: ^4.1.0
  checksum: 44a0d0d354f5f7b15f83323879a9112ea746daae7bef0b68238a27626ee757d9a04ce6590433841e14b325e8e7c5d62b8442885e50497e21b7cbca6da40d54ea
  languageName: node
  linkType: hard

"strip-bom@npm:4.0.0":
  version: 4.0.0
  resolution: "strip-bom@npm:4.0.0"
  checksum: 25a231aacba2c6ecf37d7389721ff214c7f979e97407c935eeb41f5c5513c80119aada86049408feab74d22e7f1b29d90c942d4d47a4e47868dd16daed035823
  languageName: node
  linkType: hard

"strip-json-comments@npm:3.0.1":
  version: 3.0.1
  resolution: "strip-json-comments@npm:3.0.1"
  checksum: b783c8c9c18f5b8de69cf9600235adf11950051dc2ed28dabd05d8e17cd82e138df2dad635c205b3d7c068a644398099a8f1060cee39c93067ef2188dda791ef
  languageName: node
  linkType: hard

"supports-color@npm:^5.3.0":
  version: 5.5.0
  resolution: "supports-color@npm:5.5.0"
  dependencies:
    has-flag: ^3.0.0
  checksum: edacee6425498440744c418be94b0660181aad2a1828bcf2be85c42bd385da2fd8b2b358d9b62b0c5b03ff5cd3e992458d7b8f879d9fb42f2201fe05a4848a29
  languageName: node
  linkType: hard

"supports-color@npm:^7.1.0":
  version: 7.2.0
  resolution: "supports-color@npm:7.2.0"
  dependencies:
    has-flag: ^4.0.0
  checksum: 8e57067c39216f3c2ffce7cc14ca934d54746192571203aa9c9922d97d2d55cc1bdaa9e41a11f91e620670b5a74ebdec6b548a885d8cc2dea7cab59e21416029
  languageName: node
  linkType: hard

"through@npm:^2.3.6":
  version: 2.3.8
  resolution: "through@npm:2.3.8"
  checksum: 918d9151680b5355990011eb8c4b02e8cb8cf6e9fb6ea3d3e5a1faa688343789e261634ae35de4ea9167ab029d1e7bac6af2fe61b843931768d405fdc3e8897c
  languageName: node
  linkType: hard

"tmp@npm:^0.0.33":
  version: 0.0.33
  resolution: "tmp@npm:0.0.33"
  dependencies:
    os-tmpdir: ~1.0.2
  checksum: 77666ca424a78fcfcc27a6576f24f01aa1300b10d22e4f1808809e560777672dd2d4a112604ab2ad86ec7cafd24472b9ccc41373c2b5b83797f27e6aff06cbe5
  languageName: node
  linkType: hard

"to-regex-range@npm:^5.0.1":
  version: 5.0.1
  resolution: "to-regex-range@npm:5.0.1"
  dependencies:
    is-number: ^7.0.0
  checksum: 2b6001e314e4998a07137c197e333fac2f86d46d0593da90b678ae64e2daa07274b508f83cca09e6b3504cdf222497dcb5b7daceb6dc13a9a8872f58a27db907
  languageName: node
  linkType: hard

"tslib@npm:^1.9.0":
  version: 1.14.1
  resolution: "tslib@npm:1.14.1"
  checksum: f44fe7f216946b17d3e3074df3746372703cf24e9127b4c045511456e8e4bf25515fb0a1bb3937676cc305651c5d4fcb6377b0588a4c6a957e748c4c28905d17
  languageName: node
  linkType: hard

"universalify@npm:^0.1.0":
  version: 0.1.2
  resolution: "universalify@npm:0.1.2"
  checksum: 420fc6547357782c700d53e9a92506a8e95345b13e97684c8f9ab75237912ec2ebb6af8ac10d4f7406b7b6bd21c58f6c5c0811414fb0b4091b78b4743fa6806e
  languageName: node
  linkType: hard

"which@npm:^1.2.14":
  version: 1.3.1
  resolution: "which@npm:1.3.1"
  dependencies:
    isexe: ^2.0.0
  bin:
    which: ./bin/which
  checksum: 298d95f9c185c4da22c1bfb1fdfa37c2ba56df8a6b98706ab361bf31a7d3a4845afaecfc48d4de7a259048842b5f2977f51b56f5c06c1f6a83dcf5a9e3de634a
  languageName: node
  linkType: hard

"word-wrap@npm:^1.0.3":
  version: 1.2.3
  resolution: "word-wrap@npm:1.2.3"
  checksum: 6526abd75d4409c76d1989cf2fbf6080b903db29824be3d17d0a0b8f6221486c76a021174eda2616cf311199787983c34bae3c5e7b51d2ad7476f2066cddb75a
  languageName: node
  linkType: hard

"wrappy@npm:1":
  version: 1.0.2
  resolution: "wrappy@npm:1.0.2"
  checksum: 519fcda0fcdf0c16327be2de9d98646742307bc830277e8868529fcf7566f2b330a6453c233e0cdcb767d5838dd61a90984a02ecc983bcddebea5ad0833bbf98
  languageName: node
  linkType: hard

"yaml@npm:^1.10.0":
  version: 1.10.2
  resolution: "yaml@npm:1.10.2"
  checksum: 8d72062ea3dbfd8fae3d6ddd5b741c2aeb5835a31b0719bf14fac71dd84adde0829763d6fbac46387309da00af1440194c796da5efc349b0baf9de39d82ae69e
  languageName: node
  linkType: hard
